// !$*UTF8*$!
{
	archiveVersion = 1;
	classes = {
	};
	objectVersion = 77;
	objects = {

/* Begin PBXContainerItemProxy section */
		1DFF258B2D80370B0000BEBF /* PBXContainerItemProxy */ = {
			isa = PBXContainerItemProxy;
			containerPortal = 1DFF256C2D8037080000BEBF /* Project object */;
			proxyType = 1;
			remoteGlobalIDString = 1DFF25732D8037080000BEBF;
			remoteInfo = AppTimelimit;
		};
		1DFF25952D80370B0000BEBF /* PBXContainerItemProxy */ = {
			isa = PBXContainerItemProxy;
			containerPortal = 1DFF256C2D8037080000BEBF /* Project object */;
			proxyType = 1;
			remoteGlobalIDString = 1DFF25732D8037080000BEBF;
			remoteInfo = AppTimelimit;
		};
/* End PBXContainerItemProxy section */

/* Begin PBXFileReference section */
		1DFF25742D8037080000BEBF /* AppTimelimit.app */ = {isa = PBXFileReference; explicitFileType = wrapper.application; includeInIndex = 0; path = AppTimelimit.app; sourceTree = BUILT_PRODUCTS_DIR; };
		1DFF258A2D80370B0000BEBF /* AppTimelimitTests.xctest */ = {isa = PBXFileReference; explicitFileType = wrapper.cfbundle; includeInIndex = 0; path = AppTimelimitTests.xctest; sourceTree = BUILT_PRODUCTS_DIR; };
		1DFF25942D80370B0000BEBF /* AppTimelimitUITests.xctest */ = {isa = PBXFileReference; explicitFileType = wrapper.cfbundle; includeInIndex = 0; path = AppTimelimitUITests.xctest; sourceTree = BUILT_PRODUCTS_DIR; };
/* End PBXFileReference section */

/* Begin PBXFileSystemSynchronizedBuildFileExceptionSet section */
		1DFF259C2D80370B0000BEBF /* Exceptions for "AppTimelimit" folder in "AppTimelimit" target */ = {
			isa = PBXFileSystemSynchronizedBuildFileExceptionSet;
			membershipExceptions = (
				Info.plist,
			);
			target = 1DFF25732D8037080000BEBF /* AppTimelimit */;
		};
/* End PBXFileSystemSynchronizedBuildFileExceptionSet section */

/* Begin PBXFileSystemSynchronizedRootGroup section */
		1DFF25762D8037080000BEBF /* AppTimelimit */ = {
			isa = PBXFileSystemSynchronizedRootGroup;
			exceptions = (
				1DFF259C2D80370B0000BEBF /* Exceptions for "AppTimelimit" folder in "AppTimelimit" target */,
			);
			path = AppTimelimit;
			sourceTree = "<group>";
		};
		1DFF258D2D80370B0000BEBF /* AppTimelimitTests */ = {
			isa = PBXFileSystemSynchronizedRootGroup;
			path = AppTimelimitTests;
			sourceTree = "<group>";
		};
		1DFF25972D80370B0000BEBF /* AppTimelimitUITests */ = {
			isa = PBXFileSystemSynchronizedRootGroup;
			path = AppTimelimitUITests;
			sourceTree = "<group>";
		};
/* End PBXFileSystemSynchronizedRootGroup section */

/* Begin PBXFrameworksBuildPhase section */
		1DFF25712D8037080000BEBF /* Frameworks */ = {
			isa = PBXFrameworksBuildPhase;
			buildActionMask = 2147483647;
			files = (
			);
			runOnlyForDeploymentPostprocessing = 0;
		};
		1DFF25872D80370B0000BEBF /* Frameworks */ = {
			isa = PBXFrameworksBuildPhase;
			buildActionMask = 2147483647;
			files = (
			);
			runOnlyForDeploymentPostprocessing = 0;
		};
		1DFF25912D80370B0000BEBF /* Frameworks */ = {
			isa = PBXFrameworksBuildPhase;
			buildActionMask = 2147483647;
			files = (
			);
			runOnlyForDeploymentPostprocessing = 0;
		};
/* End PBXFrameworksBuildPhase section */

/* Begin PBXGroup section */
		1DFF256B2D8037080000BEBF = {
			isa = PBXGroup;
			children = (
				1DFF25762D8037080000BEBF /* AppTimelimit */,
				1DFF258D2D80370B0000BEBF /* AppTimelimitTests */,
				1DFF25972D80370B0000BEBF /* AppTimelimitUITests */,
				1DFF25752D8037080000BEBF /* Products */,
			);
			sourceTree = "<group>";
		};
		1DFF25752D8037080000BEBF /* Products */ = {
			isa = PBXGroup;
			children = (
				1DFF25742D8037080000BEBF /* AppTimelimit.app */,
				1DFF258A2D80370B0000BEBF /* AppTimelimitTests.xctest */,
				1DFF25942D80370B0000BEBF /* AppTimelimitUITests.xctest */,
			);
			name = Products;
			sourceTree = "<group>";
		};
/* End PBXGroup section */

/* Begin PBXNativeTarget section */
		1DFF25732D8037080000BEBF /* AppTimelimit */ = {
			isa = PBXNativeTarget;
			buildConfigurationList = 1DFF259D2D80370B0000BEBF /* Build configuration list for PBXNativeTarget "AppTimelimit" */;
			buildPhases = (
				1DFF25702D8037080000BEBF /* Sources */,
				1DFF25712D8037080000BEBF /* Frameworks */,
				1DFF25722D8037080000BEBF /* Resources */,
			);
			buildRules = (
			);
			dependencies = (
			);
			fileSystemSynchronizedGroups = (
				1DFF25762D8037080000BEBF /* AppTimelimit */,
			);
			name = AppTimelimit;
			packageProductDependencies = (
			);
			productName = AppTimelimit;
			productReference = 1DFF25742D8037080000BEBF /* AppTimelimit.app */;
			productType = "com.apple.product-type.application";
		};
		1DFF25892D80370B0000BEBF /* AppTimelimitTests */ = {
			isa = PBXNativeTarget;
			buildConfigurationList = 1DFF25A22D80370B0000BEBF /* Build configuration list for PBXNativeTarget "AppTimelimitTests" */;
			buildPhases = (
				1DFF25862D80370B0000BEBF /* Sources */,
				1DFF25872D80370B0000BEBF /* Frameworks */,
				1DFF25882D80370B0000BEBF /* Resources */,
			);
			buildRules = (
			);
			dependencies = (
				1DFF258C2D80370B0000BEBF /* PBXTargetDependency */,
			);
			fileSystemSynchronizedGroups = (
				1DFF258D2D80370B0000BEBF /* AppTimelimitTests */,
			);
			name = AppTimelimitTests;
			packageProductDependencies = (
			);
			productName = AppTimelimitTests;
			productReference = 1DFF258A2D80370B0000BEBF /* AppTimelimitTests.xctest */;
			productType = "com.apple.product-type.bundle.unit-test";
		};
		1DFF25932D80370B0000BEBF /* AppTimelimitUITests */ = {
			isa = PBXNativeTarget;
			buildConfigurationList = 1DFF25A52D80370B0000BEBF /* Build configuration list for PBXNativeTarget "AppTimelimitUITests" */;
			buildPhases = (
				1DFF25902D80370B0000BEBF /* Sources */,
				1DFF25912D80370B0000BEBF /* Frameworks */,
				1DFF25922D80370B0000BEBF /* Resources */,
			);
			buildRules = (
			);
			dependencies = (
				1DFF25962D80370B0000BEBF /* PBXTargetDependency */,
			);
			fileSystemSynchronizedGroups = (
				1DFF25972D80370B0000BEBF /* AppTimelimitUITests */,
			);
			name = AppTimelimitUITests;
			packageProductDependencies = (
			);
			productName = AppTimelimitUITests;
			productReference = 1DFF25942D80370B0000BEBF /* AppTimelimitUITests.xctest */;
			productType = "com.apple.product-type.bundle.ui-testing";
		};
/* End PBXNativeTarget section */

/* Begin PBXProject section */
		1DFF256C2D8037080000BEBF /* Project object */ = {
			isa = PBXProject;
			attributes = {
				BuildIndependentTargetsInParallel = 1;
				LastSwiftUpdateCheck = 1620;
				LastUpgradeCheck = 1620;
				TargetAttributes = {
					1DFF25732D8037080000BEBF = {
						CreatedOnToolsVersion = 16.2;
					};
					1DFF25892D80370B0000BEBF = {
						CreatedOnToolsVersion = 16.2;
						TestTargetID = 1DFF25732D8037080000BEBF;
					};
					1DFF25932D80370B0000BEBF = {
						CreatedOnToolsVersion = 16.2;
						TestTargetID = 1DFF25732D8037080000BEBF;
					};
				};
			};
			buildConfigurationList = 1DFF256F2D8037080000BEBF /* Build configuration list for PBXProject "AppTimelimit" */;
			developmentRegion = en;
			hasScannedForEncodings = 0;
			knownRegions = (
				en,
				Base,
			);
			mainGroup = 1DFF256B2D8037080000BEBF;
			minimizedProjectReferenceProxies = 1;
			preferredProjectObjectVersion = 77;
			productRefGroup = 1DFF25752D8037080000BEBF /* Products */;
			projectDirPath = "";
			projectRoot = "";
			targets = (
				1DFF25732D8037080000BEBF /* AppTimelimit */,
				1DFF25892D80370B0000BEBF /* AppTimelimitTests */,
				1DFF25932D80370B0000BEBF /* AppTimelimitUITests */,
			);
		};
/* End PBXProject section */

/* Begin PBXResourcesBuildPhase section */
		1DFF25722D8037080000BEBF /* Resources */ = {
			isa = PBXResourcesBuildPhase;
			buildActionMask = 2147483647;
			files = (
			);
			runOnlyForDeploymentPostprocessing = 0;
		};
		1DFF25882D80370B0000BEBF /* Resources */ = {
			isa = PBXResourcesBuildPhase;
			buildActionMask = 2147483647;
			files = (
			);
			runOnlyForDeploymentPostprocessing = 0;
		};
		1DFF25922D80370B0000BEBF /* Resources */ = {
			isa = PBXResourcesBuildPhase;
			buildActionMask = 2147483647;
			files = (
			);
			runOnlyForDeploymentPostprocessing = 0;
		};
/* End PBXResourcesBuildPhase section */

/* Begin PBXSourcesBuildPhase section */
		1DFF25702D8037080000BEBF /* Sources */ = {
			isa = PBXSourcesBuildPhase;
			buildActionMask = 2147483647;
			files = (
			);
			runOnlyForDeploymentPostprocessing = 0;
		};
		1DFF25862D80370B0000BEBF /* Sources */ = {
			isa = PBXSourcesBuildPhase;
			buildActionMask = 2147483647;
			files = (
			);
			runOnlyForDeploymentPostprocessing = 0;
		};
		1DFF25902D80370B0000BEBF /* Sources */ = {
			isa = PBXSourcesBuildPhase;
			buildActionMask = 2147483647;
			files = (
			);
			runOnlyForDeploymentPostprocessing = 0;
		};
/* End PBXSourcesBuildPhase section */

/* Begin PBXTargetDependency section */
		1DFF258C2D80370B0000BEBF /* PBXTargetDependency */ = {
			isa = PBXTargetDependency;
			target = 1DFF25732D8037080000BEBF /* AppTimelimit */;
			targetProxy = 1DFF258B2D80370B0000BEBF /* PBXContainerItemProxy */;
		};
		1DFF25962D80370B0000BEBF /* PBXTargetDependency */ = {
			isa = PBXTargetDependency;
			target = 1DFF25732D8037080000BEBF /* AppTimelimit */;
			targetProxy = 1DFF25952D80370B0000BEBF /* PBXContainerItemProxy */;
		};
/* End PBXTargetDependency section */

/* Begin XCBuildConfiguration section */
		1DFF259E2D80370B0000BEBF /* Debug */ = {
			isa = XCBuildConfiguration;
			buildSettings = {
				ASSETCATALOG_COMPILER_APPICON_NAME = AppIcon;
				ASSETCATALOG_COMPILER_GLOBAL_ACCENT_COLOR_NAME = AccentColor;
				CODE_SIGN_STYLE = Automatic;
				CURRENT_PROJECT_VERSION = 1;
				DEVELOPMENT_TEAM = R5WM29964H;
				GENERATE_INFOPLIST_FILE = YES;
				INFOPLIST_FILE = AppTimelimit/Info.plist;
				INFOPLIST_KEY_UIApplicationSupportsIndirectInputEvents = YES;
				INFOPLIST_KEY_UILaunchStoryboardName = LaunchScreen;
				INFOPLIST_KEY_UIMainStoryboardFile = Main;
				INFOPLIST_KEY_UISupportedInterfaceOrientations_iPad = "UIInterfaceOrientationPortrait UIInterfaceOrientationPortraitUpsideDown UIInterfaceOrientationLandscapeLeft UIInterfaceOrientationLandscapeRight";
				INFOPLIST_KEY_UISupportedInterfaceOrientations_iPhone = "UIInterfaceOrientationPortrait UIInterfaceOrientationLandscapeLeft UIInterfaceOrientationLandscapeRight";
				LD_RUNPATH_SEARCH_PATHS = (
					"$(inherited)",
					"@executable_path/Frameworks",
				);
				MARKETING_VERSION = 1.0;
				PRODUCT_BUNDLE_IDENTIFIER = com.faizul.AppTimelimit;
				PRODUCT_NAME = "$(TARGET_NAME)";
				SWIFT_EMIT_LOC_STRINGS = YES;
				SWIFT_VERSION = 5.0;
				TARGETED_DEVICE_FAMILY = "1,2";
			};
			name = Debug;
		};
		1DFF259F2D80370B0000BEBF /* Release */ = {
			isa = XCBuildConfiguration;
			buildSettings = {
				ASSETCATALOG_COMPILER_APPICON_NAME = AppIcon;
				ASSETCATALOG_COMPILER_GLOBAL_ACCENT_COLOR_NAME = AccentColor;
				CODE_SIGN_STYLE = Automatic;
				CURRENT_PROJECT_VERSION = 1;
				DEVELOPMENT_TEAM = R5WM29964H;
				GENERATE_INFOPLIST_FILE = YES;
				INFOPLIST_FILE = AppTimelimit/Info.plist;
				INFOPLIST_KEY_UIApplicationSupportsIndirectInputEvents = YES;
				INFOPLIST_KEY_UILaunchStoryboardName = LaunchScreen;
				INFOPLIST_KEY_UIMainStoryboardFile = Main;
				INFOPLIST_KEY_UISupportedInterfaceOrientations_iPad = "UIInterfaceOrientationPortrait UIInterfaceOrientationPortraitUpsideDown UIInterfaceOrientationLandscapeLeft UIInterfaceOrientationLandscapeRight";
				INFOPLIST_KEY_UISupportedInterfaceOrientations_iPhone = "UIInterfaceOrientationPortrait UIInterfaceOrientationLandscapeLeft UIInterfaceOrientationLandscapeRight";
				LD_RUNPATH_SEARCH_PATHS = (
					"$(inherited)",
					"@executable_path/Frameworks",
				);
				MARKETING_VERSION = 1.0;
				PRODUCT_BUNDLE_IDENTIFIER = com.faizul.AppTimelimit;
				PRODUCT_NAME = "$(TARGET_NAME)";
				SWIFT_EMIT_LOC_STRINGS = YES;
				SWIFT_VERSION = 5.0;
				TARGETED_DEVICE_FAMILY = "1,2";
			};
			name = Release;
		};
		1DFF25A02D80370B0000BEBF /* Debug */ = {
			isa = XCBuildConfiguration;
			buildSettings = {
				ALWAYS_SEARCH_USER_PATHS = NO;
				ASSETCATALOG_COMPILER_GENERATE_SWIFT_ASSET_SYMBOL_EXTENSIONS = YES;
				CLANG_ANALYZER_NONNULL = YES;
				CLANG_ANALYZER_NUMBER_OBJECT_CONVERSION = YES_AGGRESSIVE;
				CLANG_CXX_LANGUAGE_STANDARD = "gnu++20";
				CLANG_ENABLE_MODULES = YES;
				CLANG_ENABLE_OBJC_ARC = YES;
				CLANG_ENABLE_OBJC_WEAK = YES;
				CLANG_WARN_BLOCK_CAPTURE_AUTORELEASING = YES;
				CLANG_WARN_BOOL_CONVERSION = YES;
				CLANG_WARN_COMMA = YES;
				CLANG_WARN_CONSTANT_CONVERSION = YES;
				CLANG_WARN_DEPRECATED_OBJC_IMPLEMENTATIONS = YES;
				CLANG_WARN_DIRECT_OBJC_ISA_USAGE = YES_ERROR;
				CLANG_WARN_DOCUMENTATION_COMMENTS = YES;
				CLANG_WARN_EMPTY_BODY = YES;
				CLANG_WARN_ENUM_CONVERSION = YES;
				CLANG_WARN_INFINITE_RECURSION = YES;
				CLANG_WARN_INT_CONVERSION = YES;
				CLANG_WARN_NON_LITERAL_NULL_CONVERSION = YES;
				CLANG_WARN_OBJC_IMPLICIT_RETAIN_SELF = YES;
				CLANG_WARN_OBJC_LITERAL_CONVERSION = YES;
				CLANG_WARN_OBJC_ROOT_CLASS = YES_ERROR;
				CLANG_WARN_QUOTED_INCLUDE_IN_FRAMEWORK_HEADER = YES;
				CLANG_WARN_RANGE_LOOP_ANALYSIS = YES;
				CLANG_WARN_STRICT_PROTOTYPES = YES;
				CLANG_WARN_SUSPICIOUS_MOVE = YES;
				CLANG_WARN_UNGUARDED_AVAILABILITY = YES_AGGRESSIVE;
				CLANG_WARN_UNREACHABLE_CODE = YES;
				CLANG_WARN__DUPLICATE_METHOD_MATCH = YES;
				COPY_PHASE_STRIP = NO;
				DEBUG_INFORMATION_FORMAT = dwarf;
				ENABLE_STRICT_OBJC_MSGSEND = YES;
				ENABLE_TESTABILITY = YES;
				ENABLE_USER_SCRIPT_SANDBOXING = YES;
				GCC_C_LANGUAGE_STANDARD = gnu17;
				GCC_DYNAMIC_NO_PIC = NO;
				GCC_NO_COMMON_BLOCKS = YES;
				GCC_OPTIMIZATION_LEVEL = 0;
				GCC_PREPROCESSOR_DEFINITIONS = (
					"DEBUG=1",
					"$(inherited)",
				);
				GCC_WARN_64_TO_32_BIT_CONVERSION = YES;
				GCC_WARN_ABOUT_RETURN_TYPE = YES_ERROR;
				GCC_WARN_UNDECLARED_SELECTOR = YES;
				GCC_WARN_UNINITIALIZED_AUTOS = YES_AGGRESSIVE;
				GCC_WARN_UNUSED_FUNCTION = YES;
				GCC_WARN_UNUSED_VARIABLE = YES;
				IPHONEOS_DEPLOYMENT_TARGET = 18.2;
				LOCALIZATION_PREFERS_STRING_CATALOGS = YES;
				MTL_ENABLE_DEBUG_INFO = INCLUDE_SOURCE;
				MTL_FAST_MATH = YES;
				ONLY_ACTIVE_ARCH = YES;
				SDKROOT = iphoneos;
				SWIFT_ACTIVE_COMPILATION_CONDITIONS = "DEBUG $(inherited)";
				SWIFT_OPTIMIZATION_LEVEL = "-Onone";
			};
			name = Debug;
		};
		1DFF25A12D80370B0000BEBF /* Release */ = {
			isa = XCBuildConfiguration;
			buildSettings = {
				ALWAYS_SEARCH_USER_PATHS = NO;
				ASSETCATALOG_COMPILER_GENERATE_SWIFT_ASSET_SYMBOL_EXTENSIONS = YES;
				CLANG_ANALYZER_NONNULL = YES;
				CLANG_ANALYZER_NUMBER_OBJECT_CONVERSION = YES_AGGRESSIVE;
				CLANG_CXX_LANGUAGE_STANDARD = "gnu++20";
				CLANG_ENABLE_MODULES = YES;
				CLANG_ENABLE_OBJC_ARC = YES;
				CLANG_ENABLE_OBJC_WEAK = YES;
				CLANG_WARN_BLOCK_CAPTURE_AUTORELEASING = YES;
				CLANG_WARN_BOOL_CONVERSION = YES;
				CLANG_WARN_COMMA = YES;
				CLANG_WARN_CONSTANT_CONVERSION = YES;
				CLANG_WARN_DEPRECATED_OBJC_IMPLEMENTATIONS = YES;
				CLANG_WARN_DIRECT_OBJC_ISA_USAGE = YES_ERROR;
				CLANG_WARN_DOCUMENTATION_COMMENTS = YES;
				CLANG_WARN_EMPTY_BODY = YES;
				CLANG_WARN_ENUM_CONVERSION = YES;
				CLANG_WARN_INFINITE_RECURSION = YES;
				CLANG_WARN_INT_CONVERSION = YES;
				CLANG_WARN_NON_LITERAL_NULL_CONVERSION = YES;
				CLANG_WARN_OBJC_IMPLICIT_RETAIN_SELF = YES;
				CLANG_WARN_OBJC_LITERAL_CONVERSION = YES;
				CLANG_WARN_OBJC_ROOT_CLASS = YES_ERROR;
				CLANG_WARN_QUOTED_INCLUDE_IN_FRAMEWORK_HEADER = YES;
				CLANG_WARN_RANGE_LOOP_ANALYSIS = YES;
				CLANG_WARN_STRICT_PROTOTYPES = YES;
				CLANG_WARN_SUSPICIOUS_MOVE = YES;
				CLANG_WARN_UNGUARDED_AVAILABILITY = YES_AGGRESSIVE;
				CLANG_WARN_UNREACHABLE_CODE = YES;
				CLANG_WARN__DUPLICATE_METHOD_MATCH = YES;
				COPY_PHASE_STRIP = NO;
				DEBUG_INFORMATION_FORMAT = "dwarf-with-dsym";
				ENABLE_NS_ASSERTIONS = NO;
				ENABLE_STRICT_OBJC_MSGSEND = YES;
				ENABLE_USER_SCRIPT_SANDBOXING = YES;
				GCC_C_LANGUAGE_STANDARD = gnu17;
				GCC_NO_COMMON_BLOCKS = YES;
				GCC_WARN_64_TO_32_BIT_CONVERSION = YES;
				GCC_WARN_ABOUT_RETURN_TYPE = YES_ERROR;
				GCC_WARN_UNDECLARED_SELECTOR = YES;
				GCC_WARN_UNINITIALIZED_AUTOS = YES_AGGRESSIVE;
				GCC_WARN_UNUSED_FUNCTION = YES;
				GCC_WARN_UNUSED_VARIABLE = YES;
				IPHONEOS_DEPLOYMENT_TARGET = 18.2;
				LOCALIZATION_PREFERS_STRING_CATALOGS = YES;
				MTL_ENABLE_DEBUG_INFO = NO;
				MTL_FAST_MATH = YES;
				SDKROOT = iphoneos;
				SWIFT_COMPILATION_MODE = wholemodule;
				VALIDATE_PRODUCT = YES;
			};
			name = Release;
		};
		1DFF25A32D80370B0000BEBF /* Debug */ = {
			isa = XCBuildConfiguration;
			buildSettings = {
				BUNDLE_LOADER = "$(TEST_HOST)";
				CODE_SIGN_STYLE = Automatic;
				CURRENT_PROJECT_VERSION = 1;
				DEVELOPMENT_TEAM = R5WM29964H;
				GENERATE_INFOPLIST_FILE = YES;
				IPHONEOS_DEPLOYMENT_TARGET = 18.2;
				MARKETING_VERSION = 1.0;
				PRODUCT_BUNDLE_IDENTIFIER = com.faizul.AppTimelimitTests;
				PRODUCT_NAME = "$(TARGET_NAME)";
				SWIFT_EMIT_LOC_STRINGS = NO;
				SWIFT_VERSION = 5.0;
				TARGETED_DEVICE_FAMILY = "1,2";
				TEST_HOST = "$(BUILT_PRODUCTS_DIR)/AppTimelimit.app/$(BUNDLE_EXECUTABLE_FOLDER_PATH)/AppTimelimit";
			};
			name = Debug;
		};
		1DFF25A42D80370B0000BEBF /* Release */ = {
			isa = XCBuildConfiguration;
			buildSettings = {
				BUNDLE_LOADER = "$(TEST_HOST)";
				CODE_SIGN_STYLE = Automatic;
				CURRENT_PROJECT_VERSION = 1;
				DEVELOPMENT_TEAM = R5WM29964H;
				GENERATE_INFOPLIST_FILE = YES;
				IPHONEOS_DEPLOYMENT_TARGET = 18.2;
				MARKETING_VERSION = 1.0;
				PRODUCT_BUNDLE_IDENTIFIER = com.faizul.AppTimelimitTests;
				PRODUCT_NAME = "$(TARGET_NAME)";
				SWIFT_EMIT_LOC_STRINGS = NO;
				SWIFT_VERSION = 5.0;
				TARGETED_DEVICE_FAMILY = "1,2";
				TEST_HOST = "$(BUILT_PRODUCTS_DIR)/AppTimelimit.app/$(BUNDLE_EXECUTABLE_FOLDER_PATH)/AppTimelimit";
			};
			name = Release;
		};
		1DFF25A62D80370B0000BEBF /* Debug */ = {
			isa = XCBuildConfiguration;
			buildSettings = {
				CODE_SIGN_STYLE = Automatic;
				CURRENT_PROJECT_VERSION = 1;
				DEVELOPMENT_TEAM = R5WM29964H;
				GENERATE_INFOPLIST_FILE = YES;
				MARKETING_VERSION = 1.0;
				PRODUCT_BUNDLE_IDENTIFIER = com.faizul.AppTimelimitUITests;
				PRODUCT_NAME = "$(TARGET_NAME)";
				SWIFT_EMIT_LOC_STRINGS = NO;
				SWIFT_VERSION = 5.0;
				TARGETED_DEVICE_FAMILY = "1,2";
				TEST_TARGET_NAME = AppTimelimit;
			};
			name = Debug;
		};
		1DFF25A72D80370B0000BEBF /* Release */ = {
			isa = XCBuildConfiguration;
			buildSettings = {
				CODE_SIGN_STYLE = Automatic;
				CURRENT_PROJECT_VERSION = 1;
				DEVELOPMENT_TEAM = R5WM29964H;
				GENERATE_INFOPLIST_FILE = YES;
				MARKETING_VERSION = 1.0;
				PRODUCT_BUNDLE_IDENTIFIER = com.faizul.AppTimelimitUITests;
				PRODUCT_NAME = "$(TARGET_NAME)";
				SWIFT_EMIT_LOC_STRINGS = NO;
				SWIFT_VERSION = 5.0;
				TARGETED_DEVICE_FAMILY = "1,2";
				TEST_TARGET_NAME = AppTimelimit;
			};
			name = Release;
		};
/* End XCBuildConfiguration section */

/* Begin XCConfigurationList section */
		1DFF256F2D8037080000BEBF /* Build configuration list for PBXProject "AppTimelimit" */ = {
			isa = XCConfigurationList;
			buildConfigurations = (
				1DFF25A02D80370B0000BEBF /* Debug */,
				1DFF25A12D80370B0000BEBF /* Release */,
			);
			defaultConfigurationIsVisible = 0;
			defaultConfigurationName = Release;
		};
		1DFF259D2D80370B0000BEBF /* Build configuration list for PBXNativeTarget "AppTimelimit" */ = {
			isa = XCConfigurationList;
			buildConfigurations = (
				1DFF259E2D80370B0000BEBF /* Debug */,
				1DFF259F2D80370B0000BEBF /* Release */,
			);
			defaultConfigurationIsVisible = 0;
			defaultConfigurationName = Release;
		};
		1DFF25A22D80370B0000BEBF /* Build configuration list for PBXNativeTarget "AppTimelimitTests" */ = {
			isa = XCConfigurationList;
			buildConfigurations = (
				1DFF25A32D80370B0000BEBF /* Debug */,
				1DFF25A42D80370B0000BEBF /* Release */,
			);
			defaultConfigurationIsVisible = 0;
			defaultConfigurationName = Release;
		};
		1DFF25A52D80370B0000BEBF /* Build configuration list for PBXNativeTarget "AppTimelimitUITests" */ = {
			isa = XCConfigurationList;
			buildConfigurations = (
				1DFF25A62D80370B0000BEBF /* Debug */,
				1DFF25A72D80370B0000BEBF /* Release */,
			);
			defaultConfigurationIsVisible = 0;
			defaultConfigurationName = Release;
		};
/* End XCConfigurationList section */
	};
	rootObject = 1DFF256C2D8037080000BEBF /* Project object */;
}
